// !$*UTF8*$!
{
	archiveVersion = 1;
	classes = {
	};
	objectVersion = 55;
	objects = {

/* Begin PBXBuildFile section */
		DD66776427C3BE7900F52857 /* AppDelegate.swift in Sources */ = {isa = PBXBuildFile; fileRef = DD66776327C3BE7900F52857 /* AppDelegate.swift */; };
		DD66776627C3BE7900F52857 /* SceneDelegate.swift in Sources */ = {isa = PBXBuildFile; fileRef = DD66776527C3BE7900F52857 /* SceneDelegate.swift */; };
		DD66776827C3BE7900F52857 /* ViewController.swift in Sources */ = {isa = PBXBuildFile; fileRef = DD66776727C3BE7900F52857 /* ViewController.swift */; };
		DD66776B27C3BE7900F52857 /* Main.storyboard in Resources */ = {isa = PBXBuildFile; fileRef = DD66776927C3BE7900F52857 /* Main.storyboard */; };
		DD66776D27C3BE7B00F52857 /* Assets.xcassets in Resources */ = {isa = PBXBuildFile; fileRef = DD66776C27C3BE7B00F52857 /* Assets.xcassets */; };
		DD66777027C3BE7B00F52857 /* LaunchScreen.storyboard in Resources */ = {isa = PBXBuildFile; fileRef = DD66776E27C3BE7B00F52857 /* LaunchScreen.storyboard */; };
		DD66777827C3BEBE00F52857 /* ProductCommunicationManager.swift in Sources */ = {isa = PBXBuildFile; fileRef = DD66777727C3BEBE00F52857 /* ProductCommunicationManager.swift */; };
/* End PBXBuildFile section */

/* Begin PBXFileReference section */
		DD66776027C3BE7900F52857 /* drones.app */ = {isa = PBXFileReference; explicitFileType = wrapper.application; includeInIndex = 0; path = drones.app; sourceTree = BUILT_PRODUCTS_DIR; };
		DD66776327C3BE7900F52857 /* AppDelegate.swift */ = {isa = PBXFileReference; lastKnownFileType = sourcecode.swift; path = AppDelegate.swift; sourceTree = "<group>"; };
		DD66776527C3BE7900F52857 /* SceneDelegate.swift */ = {isa = PBXFileReference; lastKnownFileType = sourcecode.swift; path = SceneDelegate.swift; sourceTree = "<group>"; };
		DD66776727C3BE7900F52857 /* ViewController.swift */ = {isa = PBXFileReference; lastKnownFileType = sourcecode.swift; path = ViewController.swift; sourceTree = "<group>"; };
		DD66776A27C3BE7900F52857 /* Base */ = {isa = PBXFileReference; lastKnownFileType = file.storyboard; name = Base; path = Base.lproj/Main.storyboard; sourceTree = "<group>"; };
		DD66776C27C3BE7B00F52857 /* Assets.xcassets */ = {isa = PBXFileReference; lastKnownFileType = folder.assetcatalog; path = Assets.xcassets; sourceTree = "<group>"; };
		DD66776F27C3BE7B00F52857 /* Base */ = {isa = PBXFileReference; lastKnownFileType = file.storyboard; name = Base; path = Base.lproj/LaunchScreen.storyboard; sourceTree = "<group>"; };
		DD66777127C3BE7B00F52857 /* Info.plist */ = {isa = PBXFileReference; lastKnownFileType = text.plist.xml; path = Info.plist; sourceTree = "<group>"; };
		DD66777727C3BEBE00F52857 /* ProductCommunicationManager.swift */ = {isa = PBXFileReference; lastKnownFileType = sourcecode.swift; path = ProductCommunicationManager.swift; sourceTree = "<group>"; };
/* End PBXFileReference section */

/* Begin PBXFrameworksBuildPhase section */
		DD66775D27C3BE7900F52857 /* Frameworks */ = {
			isa = PBXFrameworksBuildPhase;
			buildActionMask = 2147483647;
			files = (
			);
			runOnlyForDeploymentPostprocessing = 0;
		};
/* End PBXFrameworksBuildPhase section */

/* Begin PBXGroup section */
		DD49F292A9637A4DFCFA558F /* Pods */ = {
			isa = PBXGroup;
			children = (
			);
			path = Pods;
			sourceTree = "<group>";
		};
		DD66775727C3BE7900F52857 = {
			isa = PBXGroup;
			children = (
				DD66776227C3BE7900F52857 /* drones */,
				DD66776127C3BE7900F52857 /* Products */,
				DD49F292A9637A4DFCFA558F /* Pods */,
			);
			sourceTree = "<group>";
		};
		DD66776127C3BE7900F52857 /* Products */ = {
			isa = PBXGroup;
			children = (
				DD66776027C3BE7900F52857 /* drones.app */,
			);
			name = Products;
			sourceTree = "<group>";
		};
		DD66776227C3BE7900F52857 /* drones */ = {
			isa = PBXGroup;
			children = (
				DD66776327C3BE7900F52857 /* AppDelegate.swift */,
				DD66776527C3BE7900F52857 /* SceneDelegate.swift */,
				DD66776727C3BE7900F52857 /* ViewController.swift */,
				DD66776927C3BE7900F52857 /* Main.storyboard */,
				DD66776C27C3BE7B00F52857 /* Assets.xcassets */,
				DD66776E27C3BE7B00F52857 /* LaunchScreen.storyboard */,
				DD66777127C3BE7B00F52857 /* Info.plist */,
				DD66777927C3BECB00F52857 /* Services */,
			);
			path = drones;
			sourceTree = "<group>";
		};
		DD66777927C3BECB00F52857 /* Services */ = {
			isa = PBXGroup;
			children = (
				DD66777727C3BEBE00F52857 /* ProductCommunicationManager.swift */,
			);
			path = Services;
			sourceTree = "<group>";
		};
/* End PBXGroup section */

/* Begin PBXNativeTarget section */
		DD66775F27C3BE7900F52857 /* drones */ = {
			isa = PBXNativeTarget;
			buildConfigurationList = DD66777427C3BE7B00F52857 /* Build configuration list for PBXNativeTarget "drones" */;
			buildPhases = (
				DD66775C27C3BE7900F52857 /* Sources */,
				DD66775D27C3BE7900F52857 /* Frameworks */,
				DD66775E27C3BE7900F52857 /* Resources */,
			);
			buildRules = (
			);
			dependencies = (
			);
			name = drones;
			productName = drones;
			productReference = DD66776027C3BE7900F52857 /* drones.app */;
			productType = "com.apple.product-type.application";
		};
/* End PBXNativeTarget section */

/* Begin PBXProject section */
		DD66775827C3BE7900F52857 /* Project object */ = {
			isa = PBXProject;
			attributes = {
				BuildIndependentTargetsInParallel = 1;
				LastSwiftUpdateCheck = 1320;
				LastUpgradeCheck = 1320;
				TargetAttributes = {
					DD66775F27C3BE7900F52857 = {
						CreatedOnToolsVersion = 13.2.1;
					};
				};
			};
			buildConfigurationList = DD66775B27C3BE7900F52857 /* Build configuration list for PBXProject "drones" */;
			compatibilityVersion = "Xcode 13.0";
			developmentRegion = en;
			hasScannedForEncodings = 0;
			knownRegions = (
				en,
				Base,
			);
			mainGroup = DD66775727C3BE7900F52857;
			productRefGroup = DD66776127C3BE7900F52857 /* Products */;
			projectDirPath = "";
			projectRoot = "";
			targets = (
				DD66775F27C3BE7900F52857 /* drones */,
			);
		};
/* End PBXProject section */

/* Begin PBXResourcesBuildPhase section */
		DD66775E27C3BE7900F52857 /* Resources */ = {
			isa = PBXResourcesBuildPhase;
			buildActionMask = 2147483647;
			files = (
				DD66777027C3BE7B00F52857 /* LaunchScreen.storyboard in Resources */,
				DD66776D27C3BE7B00F52857 /* Assets.xcassets in Resources */,
				DD66776B27C3BE7900F52857 /* Main.storyboard in Resources */,
			);
			runOnlyForDeploymentPostprocessing = 0;
		};
/* End PBXResourcesBuildPhase section */

/* Begin PBXSourcesBuildPhase section */
		DD66775C27C3BE7900F52857 /* Sources */ = {
			isa = PBXSourcesBuildPhase;
			buildActionMask = 2147483647;
			files = (
				DD66776827C3BE7900F52857 /* ViewController.swift in Sources */,
				DD66776427C3BE7900F52857 /* AppDelegate.swift in Sources */,
				DD66777827C3BEBE00F52857 /* ProductCommunicationManager.swift in Sources */,
				DD66776627C3BE7900F52857 /* SceneDelegate.swift in Sources */,
			);
			runOnlyForDeploymentPostprocessing = 0;
		};
/* End PBXSourcesBuildPhase section */

/* Begin PBXVariantGroup section */
		DD66776927C3BE7900F52857 /* Main.storyboard */ = {
			isa = PBXVariantGroup;
			children = (
				DD66776A27C3BE7900F52857 /* Base */,
			);
			name = Main.storyboard;
			sourceTree = "<group>";
		};
		DD66776E27C3BE7B00F52857 /* LaunchScreen.storyboard */ = {
			isa = PBXVariantGroup;
			children = (
				DD66776F27C3BE7B00F52857 /* Base */,
			);
			name = LaunchScreen.storyboard;
			sourceTree = "<group>";
		};
/* End PBXVariantGroup section */

/* Begin XCBuildConfiguration section */
		DD66777227C3BE7B00F52857 /* Debug */ = {
			isa = XCBuildConfiguration;
			buildSettings = {
				ALWAYS_SEARCH_USER_PATHS = NO;
				CLANG_ANALYZER_NONNULL = YES;
				CLANG_ANALYZER_NUMBER_OBJECT_CONVERSION = YES_AGGRESSIVE;
				CLANG_CXX_LANGUAGE_STANDARD = "gnu++17";
				CLANG_CXX_LIBRARY = "libc++";
				CLANG_ENABLE_MODULES = YES;
				CLANG_ENABLE_OBJC_ARC = YES;
				CLANG_ENABLE_OBJC_WEAK = YES;
				CLANG_WARN_BLOCK_CAPTURE_AUTORELEASING = YES;
				CLANG_WARN_BOOL_CONVERSION = YES;
				CLANG_WARN_COMMA = YES;
				CLANG_WARN_CONSTANT_CONVERSION = YES;
				CLANG_WARN_DEPRECATED_OBJC_IMPLEMENTATIONS = YES;
				CLANG_WARN_DIRECT_OBJC_ISA_USAGE = YES_ERROR;
				CLANG_WARN_DOCUMENTATION_COMMENTS = YES;
				CLANG_WARN_EMPTY_BODY = YES;
				CLANG_WARN_ENUM_CONVERSION = YES;
				CLANG_WARN_INFINITE_RECURSION = YES;
				CLANG_WARN_INT_CONVERSION = YES;
				CLANG_WARN_NON_LITERAL_NULL_CONVERSION = YES;
				CLANG_WARN_OBJC_IMPLICIT_RETAIN_SELF = YES;
				CLANG_WARN_OBJC_LITERAL_CONVERSION = YES;
				CLANG_WARN_OBJC_ROOT_CLASS = YES_ERROR;
				CLANG_WARN_QUOTED_INCLUDE_IN_FRAMEWORK_HEADER = YES;
				CLANG_WARN_RANGE_LOOP_ANALYSIS = YES;
				CLANG_WARN_STRICT_PROTOTYPES = YES;
				CLANG_WARN_SUSPICIOUS_MOVE = YES;
				CLANG_WARN_UNGUARDED_AVAILABILITY = YES_AGGRESSIVE;
				CLANG_WARN_UNREACHABLE_CODE = YES;
				CLANG_WARN__DUPLICATE_METHOD_MATCH = YES;
				COPY_PHASE_STRIP = NO;
				DEBUG_INFORMATION_FORMAT = dwarf;
				ENABLE_STRICT_OBJC_MSGSEND = YES;
				ENABLE_TESTABILITY = YES;
				GCC_C_LANGUAGE_STANDARD = gnu11;
				GCC_DYNAMIC_NO_PIC = NO;
				GCC_NO_COMMON_BLOCKS = YES;
				GCC_OPTIMIZATION_LEVEL = 0;
				GCC_PREPROCESSOR_DEFINITIONS = (
					"DEBUG=1",
					"$(inherited)",
				);
				GCC_WARN_64_TO_32_BIT_CONVERSION = YES;
				GCC_WARN_ABOUT_RETURN_TYPE = YES_ERROR;
				GCC_WARN_UNDECLARED_SELECTOR = YES;
				GCC_WARN_UNINITIALIZED_AUTOS = YES_AGGRESSIVE;
				GCC_WARN_UNUSED_FUNCTION = YES;
				GCC_WARN_UNUSED_VARIABLE = YES;
				IPHONEOS_DEPLOYMENT_TARGET = 15.2;
				MTL_ENABLE_DEBUG_INFO = INCLUDE_SOURCE;
				MTL_FAST_MATH = YES;
				ONLY_ACTIVE_ARCH = YES;
				SDKROOT = iphoneos;
				SWIFT_ACTIVE_COMPILATION_CONDITIONS = DEBUG;
				SWIFT_OPTIMIZATION_LEVEL = "-Onone";
			};
			name = Debug;
		};
		DD66777327C3BE7B00F52857 /* Release */ = {
			isa = XCBuildConfiguration;
			buildSettings = {
				ALWAYS_SEARCH_USER_PATHS = NO;
				CLANG_ANALYZER_NONNULL = YES;
				CLANG_ANALYZER_NUMBER_OBJECT_CONVERSION = YES_AGGRESSIVE;
				CLANG_CXX_LANGUAGE_STANDARD = "gnu++17";
				CLANG_CXX_LIBRARY = "libc++";
				CLANG_ENABLE_MODULES = YES;
				CLANG_ENABLE_OBJC_ARC = YES;
				CLANG_ENABLE_OBJC_WEAK = YES;
				CLANG_WARN_BLOCK_CAPTURE_AUTORELEASING = YES;
				CLANG_WARN_BOOL_CONVERSION = YES;
				CLANG_WARN_COMMA = YES;
				CLANG_WARN_CONSTANT_CONVERSION = YES;
				CLANG_WARN_DEPRECATED_OBJC_IMPLEMENTATIONS = YES;
				CLANG_WARN_DIRECT_OBJC_ISA_USAGE = YES_ERROR;
				CLANG_WARN_DOCUMENTATION_COMMENTS = YES;
				CLANG_WARN_EMPTY_BODY = YES;
				CLANG_WARN_ENUM_CONVERSION = YES;
				CLANG_WARN_INFINITE_RECURSION = YES;
				CLANG_WARN_INT_CONVERSION = YES;
				CLANG_WARN_NON_LITERAL_NULL_CONVERSION = YES;
				CLANG_WARN_OBJC_IMPLICIT_RETAIN_SELF = YES;
				CLANG_WARN_OBJC_LITERAL_CONVERSION = YES;
				CLANG_WARN_OBJC_ROOT_CLASS = YES_ERROR;
				CLANG_WARN_QUOTED_INCLUDE_IN_FRAMEWORK_HEADER = YES;
				CLANG_WARN_RANGE_LOOP_ANALYSIS = YES;
				CLANG_WARN_STRICT_PROTOTYPES = YES;
				CLANG_WARN_SUSPICIOUS_MOVE = YES;
				CLANG_WARN_UNGUARDED_AVAILABILITY = YES_AGGRESSIVE;
				CLANG_WARN_UNREACHABLE_CODE = YES;
				CLANG_WARN__DUPLICATE_METHOD_MATCH = YES;
				COPY_PHASE_STRIP = NO;
				DEBUG_INFORMATION_FORMAT = "dwarf-with-dsym";
				ENABLE_NS_ASSERTIONS = NO;
				ENABLE_STRICT_OBJC_MSGSEND = YES;
				GCC_C_LANGUAGE_STANDARD = gnu11;
				GCC_NO_COMMON_BLOCKS = YES;
				GCC_WARN_64_TO_32_BIT_CONVERSION = YES;
				GCC_WARN_ABOUT_RETURN_TYPE = YES_ERROR;
				GCC_WARN_UNDECLARED_SELECTOR = YES;
				GCC_WARN_UNINITIALIZED_AUTOS = YES_AGGRESSIVE;
				GCC_WARN_UNUSED_FUNCTION = YES;
				GCC_WARN_UNUSED_VARIABLE = YES;
				IPHONEOS_DEPLOYMENT_TARGET = 15.2;
				MTL_ENABLE_DEBUG_INFO = NO;
				MTL_FAST_MATH = YES;
				SDKROOT = iphoneos;
				SWIFT_COMPILATION_MODE = wholemodule;
				SWIFT_OPTIMIZATION_LEVEL = "-O";
				VALIDATE_PRODUCT = YES;
			};
			name = Release;
		};
		DD66777527C3BE7B00F52857 /* Debug */ = {
			isa = XCBuildConfiguration;
			buildSettings = {
				ASSETCATALOG_COMPILER_APPICON_NAME = AppIcon;
				ASSETCATALOG_COMPILER_GLOBAL_ACCENT_COLOR_NAME = AccentColor;
				CODE_SIGN_STYLE = Automatic;
				CURRENT_PROJECT_VERSION = 1;
				DEVELOPMENT_TEAM = DD3D7P4VWQ;
				GENERATE_INFOPLIST_FILE = YES;
				INFOPLIST_FILE = drones/Info.plist;
				INFOPLIST_KEY_UIApplicationSupportsIndirectInputEvents = YES;
				INFOPLIST_KEY_UILaunchStoryboardName = LaunchScreen;
				INFOPLIST_KEY_UIMainStoryboardFile = Main;
				INFOPLIST_KEY_UISupportedInterfaceOrientations_iPad = "UIInterfaceOrientationPortrait UIInterfaceOrientationPortraitUpsideDown UIInterfaceOrientationLandscapeLeft UIInterfaceOrientationLandscapeRight";
				INFOPLIST_KEY_UISupportedInterfaceOrientations_iPhone = "UIInterfaceOrientationPortrait UIInterfaceOrientationLandscapeLeft UIInterfaceOrientationLandscapeRight";
				LD_RUNPATH_SEARCH_PATHS = (
					"$(inherited)",
					"@executable_path/Frameworks",
				);
				MARKETING_VERSION = 1.0;
				PRODUCT_BUNDLE_IDENTIFIER = Damascus.drones;
				PRODUCT_NAME = "$(TARGET_NAME)";
				SWIFT_EMIT_LOC_STRINGS = YES;
				SWIFT_VERSION = 5.0;
				TARGETED_DEVICE_FAMILY = "1,2";
			};
			name = Debug;
		};
		DD66777627C3BE7B00F52857 /* Release */ = {
			isa = XCBuildConfiguration;
			buildSettings = {
				ASSETCATALOG_COMPILER_APPICON_NAME = AppIcon;
				ASSETCATALOG_COMPILER_GLOBAL_ACCENT_COLOR_NAME = AccentColor;
				CODE_SIGN_STYLE = Automatic;
				CURRENT_PROJECT_VERSION = 1;
				DEVELOPMENT_TEAM = DD3D7P4VWQ;
				GENERATE_INFOPLIST_FILE = YES;
				INFOPLIST_FILE = drones/Info.plist;
				INFOPLIST_KEY_UIApplicationSupportsIndirectInputEvents = YES;
				INFOPLIST_KEY_UILaunchStoryboardName = LaunchScreen;
				INFOPLIST_KEY_UIMainStoryboardFile = Main;
				INFOPLIST_KEY_UISupportedInterfaceOrientations_iPad = "UIInterfaceOrientationPortrait UIInterfaceOrientationPortraitUpsideDown UIInterfaceOrientationLandscapeLeft UIInterfaceOrientationLandscapeRight";
				INFOPLIST_KEY_UISupportedInterfaceOrientations_iPhone = "UIInterfaceOrientationPortrait UIInterfaceOrientationLandscapeLeft UIInterfaceOrientationLandscapeRight";
				LD_RUNPATH_SEARCH_PATHS = (
					"$(inherited)",
					"@executable_path/Frameworks",
				);
				MARKETING_VERSION = 1.0;
				PRODUCT_BUNDLE_IDENTIFIER = Damascus.drones;
				PRODUCT_NAME = "$(TARGET_NAME)";
				SWIFT_EMIT_LOC_STRINGS = YES;
				SWIFT_VERSION = 5.0;
				TARGETED_DEVICE_FAMILY = "1,2";
			};
			name = Release;
		};
/* End XCBuildConfiguration section */

/* Begin XCConfigurationList section */
		DD66775B27C3BE7900F52857 /* Build configuration list for PBXProject "drones" */ = {
			isa = XCConfigurationList;
			buildConfigurations = (
				DD66777227C3BE7B00F52857 /* Debug */,
				DD66777327C3BE7B00F52857 /* Release */,
			);
			defaultConfigurationIsVisible = 0;
			defaultConfigurationName = Release;
		};
		DD66777427C3BE7B00F52857 /* Build configuration list for PBXNativeTarget "drones" */ = {
			isa = XCConfigurationList;
			buildConfigurations = (
				DD66777527C3BE7B00F52857 /* Debug */,
				DD66777627C3BE7B00F52857 /* Release */,
			);
			defaultConfigurationIsVisible = 0;
			defaultConfigurationName = Release;
		};
/* End XCConfigurationList section */
	};
	rootObject = DD66775827C3BE7900F52857 /* Project object */;
}
